
Microsoft Visual Studio Solution File, Format Version 12.00
# Visual Studio Version 16
VisualStudioVersion = 16.0.31624.102
MinimumVisualStudioVersion = 10.0.40219.1
Project("{FAE04EC0-301F-11D3-BF4B-00C04F79EFBC}") = "DataLoaderWpf", "DataLoaderWpf\DataLoaderWpf.csproj", "{7E906913-3A10-4523-B52B-D4BE71618209}"
EndProject
Global
	GlobalSection(SolutionConfigurationPlatforms) = preSolution
		Debug|Any CPU = Debug|Any CPU
		Release|Any CPU = Release|Any CPU
	EndGlobalSection
	GlobalSection(ProjectConfigurationPlatforms) = postSolution
		{7E906913-3A10-4523-B52B-D4BE71618209}.Debug|Any CPU.ActiveCfg = Debug|Any CPU
		{7E906913-3A10-4523-B52B-D4BE71618209}.Debug|Any CPU.Build.0 = Debug|Any CPU
		{7E906913-3A10-4523-B52B-D4BE71618209}.Release|Any CPU.ActiveCfg = Release|Any CPU
		{7E906913-3A10-4523-B52B-D4BE71618209}.Release|Any CPU.Build.0 = Release|Any CPU
	EndGlobalSection
	GlobalSection(SolutionProperties) = preSolution
		HideSolutionNode = FALSE
	EndGlobalSection
	GlobalSection(ExtensibilityGlobals) = postSolution
		SolutionGuid = {4842A688-789C-4B84-8C9C-D7FF9479730C}
	EndGlobalSection
EndGlobal
